<Solution>
  <Folder Name="/.github/">
    <File Path=".github/copilot-blazor-separation.md" />
    <File Path=".github/copilot-instructions-documents-management.md" />
  </Folder>
  <Folder Name="/assets/" />
  <Folder Name="/assets/MobileAppJsons/" />
  <Folder Name="/assets/MobileAppJsons/Requests/">
    <File Path="assets/MobileAppJsons/Requests/1.InitializeSession.json" />
    <File Path="assets/MobileAppJsons/Requests/2.GetUserData.Json" />
    <File Path="assets/MobileAppJsons/Requests/3.GetRolesWorkspace.json" />
    <File Path="assets/MobileAppJsons/Requests/4.GetWorkspaceData.json" />
    <File Path="assets/MobileAppJsons/Requests/5.FindFormViewdata.json" />
    <File Path="assets/MobileAppJsons/Requests/6.GetFormDefaultData.json" />
    <File Path="assets/MobileAppJsons/Requests/7.GetFormValidationListData.json" />
  </Folder>
  <Folder Name="/assets/MobileAppJsons/Respones/">
    <File Path="assets/MobileAppJsons/Responses/1.InitializeSession.json" />
    <File Path="assets/MobileAppJsons/Responses/2.GetUserData.Json" />
    <File Path="assets/MobileAppJsons/Responses/3.GetRolesWorkspace.json" />
    <File Path="assets/MobileAppJsons/Responses/4.GetWorkspaceData.json" />
    <File Path="assets/MobileAppJsons/Responses/5.FindFormViewdata.json" />
    <File Path="assets/MobileAppJsons/Responses/6.GetFormDefaultData.json" />
    <File Path="assets/MobileAppJsons/Responses/7.GetFormValidationListData.json" />
  </Folder>
  <Folder Name="/src/">
    <Project Path="src/Application/Application.csproj" />
    <Project Path="src/Domain/Domain.csproj" Id="88056bd8-d351-4be8-8637-c58dad5eb1bf" />
    <Project Path="src/Infrastructure/Infrastructure.csproj" Id="7cc808a6-23e9-4cbe-bff0-803aee66aa28" />
    <Project Path="src/WebUI/WebUI.csproj" />
  </Folder>
</Solution>
